<?xml version="1.0" encoding="utf-8"?>
<Project ToolsVersion="4.0" xmlns="http://schemas.microsoft.com/developer/msbuild/2003">
  <ItemGroup>
    <Filter Include="Source Files">
      <UniqueIdentifier>{4FC737F1-C7A5-4376-A066-2A32D752A2FF}</UniqueIdentifier>
      <Extensions>cpp;c;cc;cxx;def;odl;idl;hpj;bat;asm;asmx</Extensions>
    </Filter>
    <Filter Include="Header Files">
      <UniqueIdentifier>{93995380-89BD-4b04-88EB-625FBE52EBFB}</UniqueIdentifier>
      <Extensions>h;hpp;hxx;hm;inl;inc;xsd</Extensions>
    </Filter>
    <Filter Include="Resource Files">
      <UniqueIdentifier>{67DA6AB6-F800-4c08-8B7A-83BB121AAD01}</UniqueIdentifier>
      <Extensions>rc;ico;cur;bmp;dlg;rc2;rct;bin;rgs;gif;jpg;jpeg;jpe;resx;tiff;tif;png;wav;mfcribbon-ms</Extensions>
    </Filter>
  </ItemGroup>
  <ItemGroup>
    <ClCompile Include="Road Network.cpp">
      <Filter>Source Files</Filter>
    </ClCompile>
    <ClCompile Include="Laser Phones.cpp">
      <Filter>Source Files</Filter>
    </ClCompile>
    <ClCompile Include="Square Free.cpp">
      <Filter>Source Files</Filter>
    </ClCompile>
    <ClCompile Include="Number of common divisors.cpp">
      <Filter>Source Files</Filter>
    </ClCompile>
    <ClCompile Include="Remove The String.cpp">
      <Filter>Source Files</Filter>
    </ClCompile>
    <ClCompile Include="Key Task.cpp">
      <Filter>Source Files</Filter>
    </ClCompile>
    <ClCompile Include="Life, the Universe, and Everything.cpp">
      <Filter>Source Files</Filter>
    </ClCompile>
    <ClCompile Include="Count on Cantor.cpp">
      <Filter>Source Files</Filter>
    </ClCompile>
    <ClCompile Include="Prime Generator.cpp">
      <Filter>Source Files</Filter>
    </ClCompile>
    <ClCompile Include="The Next Palindrome.cpp">
      <Filter>Source Files</Filter>
    </ClCompile>
    <ClCompile Include="Sorting Bank Accounts.cpp">
      <Filter>Source Files</Filter>
    </ClCompile>
    <ClCompile Include="Factorial.cpp">
      <Filter>Source Files</Filter>
    </ClCompile>
    <ClCompile Include="The Shortest Path.cpp">
      <Filter>Source Files</Filter>
    </ClCompile>
    <ClCompile Include="Bytelandian Blingors Network.cpp">
      <Filter>Source Files</Filter>
    </ClCompile>
    <ClCompile Include="Bitmap.cpp">
      <Filter>Source Files</Filter>
    </ClCompile>
    <ClCompile Include="Bytelandian gold coins.cpp">
      <Filter>Source Files</Filter>
    </ClCompile>
    <ClCompile Include="Cobbled streets.cpp">
      <Filter>Source Files</Filter>
    </ClCompile>
    <ClCompile Include="Fishmonger.cpp">
      <Filter>Source Files</Filter>
    </ClCompile>
    <ClCompile Include="Tower of Babylon.cpp">
      <Filter>Source Files</Filter>
    </ClCompile>
    <ClCompile Include="Aggressive cows.cpp">
      <Filter>Source Files</Filter>
    </ClCompile>
    <ClCompile Include="Stable Marriage Problem.cpp">
      <Filter>Source Files</Filter>
    </ClCompile>
    <ClCompile Include="Period.cpp">
      <Filter>Source Files</Filter>
    </ClCompile>
    <ClCompile Include="A Needle in the Haystack.cpp">
      <Filter>Source Files</Filter>
    </ClCompile>
    <ClCompile Include="Distinct Substrings.cpp">
      <Filter>Source Files</Filter>
    </ClCompile>
    <ClCompile Include="Trip.cpp">
      <Filter>Source Files</Filter>
    </ClCompile>
    <ClCompile Include="Rent your airplane and make money.cpp">
      <Filter>Source Files</Filter>
    </ClCompile>
    <ClCompile Include="Minimum Rotations.cpp">
      <Filter>Source Files</Filter>
    </ClCompile>
    <ClCompile Include="Find String Roots.cpp">
      <Filter>Source Files</Filter>
    </ClCompile>
    <ClCompile Include="Tourist.cpp">
      <Filter>Source Files</Filter>
    </ClCompile>
    <ClCompile Include="Medium Factorization.cpp">
      <Filter>Source Files</Filter>
    </ClCompile>
    <ClCompile Include="Find the Clones.cpp">
      <Filter>Source Files</Filter>
    </ClCompile>
    <ClCompile Include="He is offside!.cpp">
      <Filter>Source Files</Filter>
    </ClCompile>
    <ClCompile Include="Philosophers Stone.cpp">
      <Filter>Source Files</Filter>
    </ClCompile>
    <ClCompile Include="Java vs C++.cpp">
      <Filter>Source Files</Filter>
    </ClCompile>
    <ClCompile Include="Last Digit.cpp">
      <Filter>Source Files</Filter>
    </ClCompile>
    <ClCompile Include="106 Miles to Chicago.cpp">
      <Filter>Source Files</Filter>
    </ClCompile>
    <ClCompile Include="Longest path in a tree.cpp">
      <Filter>Source Files</Filter>
    </ClCompile>
    <ClCompile Include="The Cats and the Mouse.cpp">
      <Filter>Source Files</Filter>
    </ClCompile>
    <ClCompile Include="The Full Name.cpp">
      <Filter>Source Files</Filter>
    </ClCompile>
    <ClCompile Include="ABCDEF.cpp">
      <Filter>Source Files</Filter>
    </ClCompile>
    <ClCompile Include="4 values whose sum is 0.cpp">
      <Filter>Source Files</Filter>
    </ClCompile>
    <ClCompile Include="Scuba diver.cpp">
      <Filter>Source Files</Filter>
    </ClCompile>
    <ClCompile Include="Coconut.cpp">
      <Filter>Source Files</Filter>
    </ClCompile>
    <ClCompile Include="Total Flow.cpp">
      <Filter>Source Files</Filter>
    </ClCompile>
    <ClCompile Include="Rectangles.cpp">
      <Filter>Source Files</Filter>
    </ClCompile>
    <ClCompile Include="Digger Octaves.cpp">
      <Filter>Source Files</Filter>
    </ClCompile>
    <ClCompile Include="D-query.cpp">
      <Filter>Source Files</Filter>
    </ClCompile>
    <ClCompile Include="Nonnegative Partial Sums.cpp">
      <Filter>Source Files</Filter>
    </ClCompile>
    <ClCompile Include="Distinct Subsequences.cpp">
      <Filter>Source Files</Filter>
    </ClCompile>
    <ClCompile Include="Maximum Sum.cpp">
      <Filter>Source Files</Filter>
    </ClCompile>
    <ClCompile Include="Yodaness Level.cpp">
      <Filter>Source Files</Filter>
    </ClCompile>
    <ClCompile Include="Light Switching.cpp">
      <Filter>Source Files</Filter>
    </ClCompile>
    <ClCompile Include="Horrible Queries.cpp">
      <Filter>Source Files</Filter>
    </ClCompile>
    <ClCompile Include="Can you answer these queries I.cpp">
      <Filter>Source Files</Filter>
    </ClCompile>
    <ClCompile Include="Can you answer these queries III.cpp">
      <Filter>Source Files</Filter>
    </ClCompile>
    <ClCompile Include="Brackets.cpp">
      <Filter>Source Files</Filter>
    </ClCompile>
    <ClCompile Include="Multiples of 3.cpp">
      <Filter>Source Files</Filter>
    </ClCompile>
    <ClCompile Include="Card Trick.cpp">
      <Filter>Source Files</Filter>
    </ClCompile>
    <ClCompile Include="K-Query.cpp">
      <Filter>Source Files</Filter>
    </ClCompile>
    <ClCompile Include="Largest Rectangle in a Histogram.cpp">
      <Filter>Source Files</Filter>
    </ClCompile>
    <ClCompile Include="Can you answer these queries V.cpp">
      <Filter>Source Files</Filter>
    </ClCompile>
    <ClCompile Include="Lowest Common Ancestor.cpp">
      <Filter>Source Files</Filter>
    </ClCompile>
    <ClCompile Include="Query on Tree 2.cpp">
      <Filter>Source Files</Filter>
    </ClCompile>
    <ClCompile Include="Lowest Common Ancestor(Sparse Table).cpp">
      <Filter>Source Files</Filter>
    </ClCompile>
    <ClCompile Include="Query on Tree.cpp">
      <Filter>Source Files</Filter>
    </ClCompile>
    <ClCompile Include="Distinct Increasing Subsequences.cpp">
      <Filter>Source Files</Filter>
    </ClCompile>
    <ClCompile Include="Increasing Subsequences.cpp">
      <Filter>Source Files</Filter>
    </ClCompile>
    <ClCompile Include="Palindromes.cpp">
      <Filter>Source Files</Filter>
    </ClCompile>
    <ClCompile Include="Longest Common Substring.cpp">
      <Filter>Source Files</Filter>
    </ClCompile>
    <ClCompile Include="Glass Beads.cpp">
      <Filter>Source Files</Filter>
    </ClCompile>
    <ClCompile Include="Selfish Cities.cpp">
      <Filter>Source Files</Filter>
    </ClCompile>
    <ClCompile Include="Dungeon of Death.cpp">
      <Filter>Source Files</Filter>
    </ClCompile>
    <ClCompile Include="Potholers.cpp">
      <Filter>Source Files</Filter>
    </ClCompile>
    <ClCompile Include="Remember the A La Mode!.cpp">
      <Filter>Source Files</Filter>
    </ClCompile>
    <ClCompile Include="Muddy Fields.cpp">
      <Filter>Source Files</Filter>
    </ClCompile>
    <ClCompile Include="Angels and Devils.cpp">
      <Filter>Source Files</Filter>
    </ClCompile>
    <ClCompile Include="DNA Laboratory.cpp">
      <Filter>Source Files</Filter>
    </ClCompile>
    <ClCompile Include="String problem.cpp">
      <Filter>Source Files</Filter>
    </ClCompile>
    <ClCompile Include="Subset Sums.cpp">
      <Filter>Source Files</Filter>
    </ClCompile>
    <ClCompile Include="Parity.cpp">
      <Filter>Source Files</Filter>
    </ClCompile>
    <ClCompile Include="ACMAKER.cpp">
      <Filter>Source Files</Filter>
    </ClCompile>
    <ClCompile Include="Chop Ahoy! Revisited!.cpp">
      <Filter>Source Files</Filter>
    </ClCompile>
    <ClCompile Include="Up Subsequence.cpp">
      <Filter>Source Files</Filter>
    </ClCompile>
    <ClCompile Include="String Shuffle.cpp">
      <Filter>Source Files</Filter>
    </ClCompile>
  </ItemGroup>
  <ItemGroup>
    <None Include="input.in" />
  </ItemGroup>
</Project>