
Microsoft Visual Studio Solution File, Format Version 12.00
# Visual Studio 2012
Project("{8BC9CEB8-8B4A-11D0-8D11-00A0C91BC942}") = "Live Archive", "Live Archive\Live Archive.vcxproj", "{07831C5D-8594-4A0C-880D-26EF7A0F7F1F}"
EndProject
Global
	GlobalSection(SolutionConfigurationPlatforms) = preSolution
		Debug|Win32 = Debug|Win32
		Release|Win32 = Release|Win32
	EndGlobalSection
	GlobalSection(ProjectConfigurationPlatforms) = postSolution
		{07831C5D-8594-4A0C-880D-26EF7A0F7F1F}.Debug|Win32.ActiveCfg = Debug|Win32
		{07831C5D-8594-4A0C-880D-26EF7A0F7F1F}.Debug|Win32.Build.0 = Debug|Win32
		{07831C5D-8594-4A0C-880D-26EF7A0F7F1F}.Release|Win32.ActiveCfg = Release|Win32
		{07831C5D-8594-4A0C-880D-26EF7A0F7F1F}.Release|Win32.Build.0 = Release|Win32
	EndGlobalSection
	GlobalSection(SolutionProperties) = preSolution
		HideSolutionNode = FALSE
	EndGlobalSection
	GlobalSection(Performance) = preSolution
		HasPerformanceSessions = true
	EndGlobalSection
EndGlobal
