<?xml version="1.0" encoding="utf-8"?>
<Project ToolsVersion="4.0" xmlns="http://schemas.microsoft.com/developer/msbuild/2003">
  <ItemGroup>
    <Filter Include="Source Files">
      <UniqueIdentifier>{4FC737F1-C7A5-4376-A066-2A32D752A2FF}</UniqueIdentifier>
      <Extensions>cpp;c;cc;cxx;def;odl;idl;hpj;bat;asm;asmx</Extensions>
    </Filter>
    <Filter Include="Header Files">
      <UniqueIdentifier>{93995380-89BD-4b04-88EB-625FBE52EBFB}</UniqueIdentifier>
      <Extensions>h;hpp;hxx;hm;inl;inc;xsd</Extensions>
    </Filter>
    <Filter Include="Resource Files">
      <UniqueIdentifier>{67DA6AB6-F800-4c08-8B7A-83BB121AAD01}</UniqueIdentifier>
      <Extensions>rc;ico;cur;bmp;dlg;rc2;rct;bin;rgs;gif;jpg;jpeg;jpe;resx;tiff;tif;png;wav;mfcribbon-ms</Extensions>
    </Filter>
  </ItemGroup>
  <ItemGroup>
    <None Include="input.in" />
    <None Include="output.out" />
    <None Include="The  1 2  ...  n = k problem.cpp">
      <Filter>Source Files</Filter>
    </None>
  </ItemGroup>
  <ItemGroup>
    <ClCompile Include="Contour Painting.cpp">
      <Filter>Source Files</Filter>
    </ClCompile>
    <ClCompile Include="Squares.cpp">
      <Filter>Source Files</Filter>
    </ClCompile>
    <ClCompile Include="Largest Prime Divisor.cpp">
      <Filter>Source Files</Filter>
    </ClCompile>
    <ClCompile Include="Travel in Desert.cpp">
      <Filter>Source Files</Filter>
    </ClCompile>
    <ClCompile Include="Sending email.cpp">
      <Filter>Source Files</Filter>
    </ClCompile>
    <ClCompile Include="Fire Station.cpp">
      <Filter>Source Files</Filter>
    </ClCompile>
    <ClCompile Include="Dijkstra, Dijkstra.cpp">
      <Filter>Source Files</Filter>
    </ClCompile>
    <ClCompile Include="Maze Traversal.cpp">
      <Filter>Source Files</Filter>
    </ClCompile>
    <ClCompile Include="Internet Bandwidth.cpp">
      <Filter>Source Files</Filter>
    </ClCompile>
    <ClCompile Include="Invitation Cards.cpp">
      <Filter>Source Files</Filter>
    </ClCompile>
    <ClCompile Include="Fill.cpp">
      <Filter>Source Files</Filter>
    </ClCompile>
    <ClCompile Include="The Treasure Hunt.cpp">
      <Filter>Source Files</Filter>
    </ClCompile>
    <ClCompile Include="Airports.cpp">
      <Filter>Source Files</Filter>
    </ClCompile>
    <ClCompile Include="Dividing Coins.cpp">
      <Filter>Source Files</Filter>
    </ClCompile>
    <ClCompile Include="Homework Checker.cpp">
      <Filter>Source Files</Filter>
    </ClCompile>
    <ClCompile Include="The Orc Attack.cpp">
      <Filter>Source Files</Filter>
    </ClCompile>
    <ClCompile Include="Minimum Transport Cost.cpp">
      <Filter>Source Files</Filter>
    </ClCompile>
    <ClCompile Include="Add All.cpp">
      <Filter>Source Files</Filter>
    </ClCompile>
    <ClCompile Include="Avoiding Your Boss.cpp">
      <Filter>Source Files</Filter>
    </ClCompile>
    <ClCompile Include="Passwords.cpp">
      <Filter>Source Files</Filter>
    </ClCompile>
    <ClCompile Include="Coin Change.cpp">
      <Filter>Source Files</Filter>
    </ClCompile>
    <ClCompile Include="Dollars.cpp">
      <Filter>Source Files</Filter>
    </ClCompile>
    <ClCompile Include="Let Me Count The Ways.cpp">
      <Filter>Source Files</Filter>
    </ClCompile>
    <ClCompile Include="Tree Summing.cpp">
      <Filter>Source Files</Filter>
    </ClCompile>
    <ClCompile Include="Word Length and Frequency.cpp">
      <Filter>Source Files</Filter>
    </ClCompile>
    <ClCompile Include="SuperSale.cpp">
      <Filter>Source Files</Filter>
    </ClCompile>
    <ClCompile Include="Diving for Gold.cpp">
      <Filter>Source Files</Filter>
    </ClCompile>
    <ClCompile Include="Binomial Showdown.cpp">
      <Filter>Source Files</Filter>
    </ClCompile>
    <ClCompile Include="Trouble of 13-Dots.cpp">
      <Filter>Source Files</Filter>
    </ClCompile>
    <ClCompile Include="Three-square.cpp">
      <Filter>Source Files</Filter>
    </ClCompile>
    <ClCompile Include="Arctic Network.cpp">
      <Filter>Source Files</Filter>
    </ClCompile>
    <ClCompile Include="Ingenuous Cubrency.cpp">
      <Filter>Source Files</Filter>
    </ClCompile>
    <ClCompile Include="The Necklace.cpp">
      <Filter>Source Files</Filter>
    </ClCompile>
    <ClCompile Include="Virtual Friends.cpp">
      <Filter>Source Files</Filter>
    </ClCompile>
    <ClCompile Include="Traffic Flow.cpp">
      <Filter>Source Files</Filter>
    </ClCompile>
    <ClCompile Include="Expensive subway.cpp">
      <Filter>Source Files</Filter>
    </ClCompile>
    <ClCompile Include="Connect the Campus.cpp">
      <Filter>Source Files</Filter>
    </ClCompile>
    <ClCompile Include="Transportation system.cpp">
      <Filter>Source Files</Filter>
    </ClCompile>
    <ClCompile Include="Do Your Own Homework.cpp">
      <Filter>Source Files</Filter>
    </ClCompile>
    <ClCompile Include="Thunder Mountain.cpp">
      <Filter>Source Files</Filter>
    </ClCompile>
    <ClCompile Include="Audiophobia.cpp">
      <Filter>Source Files</Filter>
    </ClCompile>
    <ClCompile Include="Heavy Cargo.cpp">
      <Filter>Source Files</Filter>
    </ClCompile>
    <ClCompile Include="Data Flow.cpp">
      <Filter>Source Files</Filter>
    </ClCompile>
    <ClCompile Include="Wormholes.cpp">
      <Filter>Source Files</Filter>
    </ClCompile>
    <ClCompile Include="The Tourist Guide.cpp">
      <Filter>Source Files</Filter>
    </ClCompile>
    <ClCompile Include="Heavy Cycle Edges.cpp">
      <Filter>Source Files</Filter>
    </ClCompile>
    <ClCompile Include="Driving Range.cpp">
      <Filter>Source Files</Filter>
    </ClCompile>
    <ClCompile Include="Numbering Paths.cpp">
      <Filter>Source Files</Filter>
    </ClCompile>
    <ClCompile Include="Vertex.cpp">
      <Filter>Source Files</Filter>
    </ClCompile>
    <ClCompile Include="05-2 Rendezvous.cpp">
      <Filter>Source Files</Filter>
    </ClCompile>
    <ClCompile Include="Sticks.cpp">
      <Filter>Source Files</Filter>
    </ClCompile>
    <ClCompile Include="How Many Dependencies.cpp">
      <Filter>Source Files</Filter>
    </ClCompile>
    <ClCompile Include="Happy 12.cpp">
      <Filter>Source Files</Filter>
    </ClCompile>
    <ClCompile Include="Identifying Concurrent Events.cpp">
      <Filter>Source Files</Filter>
    </ClCompile>
    <ClCompile Include="We Ship Cheap.cpp">
      <Filter>Source Files</Filter>
    </ClCompile>
    <ClCompile Include="Non-Stop Travel.cpp">
      <Filter>Source Files</Filter>
    </ClCompile>
    <ClCompile Include="The Suspects.cpp">
      <Filter>Source Files</Filter>
    </ClCompile>
    <ClCompile Include="Longest Common Subsequence.cpp">
      <Filter>Source Files</Filter>
    </ClCompile>
    <ClCompile Include="DNA Sequencing.cpp">
      <Filter>Source Files</Filter>
    </ClCompile>
    <ClCompile Include="History Grading.cpp">
      <Filter>Source Files</Filter>
    </ClCompile>
    <ClCompile Include="Asterix and Obelix.cpp">
      <Filter>Source Files</Filter>
    </ClCompile>
    <ClCompile Include="Friends.cpp">
      <Filter>Source Files</Filter>
    </ClCompile>
    <ClCompile Include="Enchanted Forest.cpp">
      <Filter>Source Files</Filter>
    </ClCompile>
    <ClCompile Include="Ultra-QuickSort.cpp">
      <Filter>Source Files</Filter>
    </ClCompile>
    <ClCompile Include="Bubbles and Buckets.cpp">
      <Filter>Source Files</Filter>
    </ClCompile>
    <ClCompile Include="Vacation.cpp">
      <Filter>Source Files</Filter>
    </ClCompile>
    <ClCompile Include="The Twin Towers.cpp">
      <Filter>Source Files</Filter>
    </ClCompile>
    <ClCompile Include="Compromise.cpp">
      <Filter>Source Files</Filter>
    </ClCompile>
    <ClCompile Include="Longest Match.cpp">
      <Filter>Source Files</Filter>
    </ClCompile>
    <ClCompile Include="Bicoloring.cpp">
      <Filter>Source Files</Filter>
    </ClCompile>
    <ClCompile Include="Word Index.cpp">
      <Filter>Source Files</Filter>
    </ClCompile>
    <ClCompile Include="Interstar Transport.cpp">
      <Filter>Source Files</Filter>
    </ClCompile>
    <ClCompile Include="Longest Paths.cpp">
      <Filter>Source Files</Filter>
    </ClCompile>
    <ClCompile Include="Hippity Hopscotch.cpp">
      <Filter>Source Files</Filter>
    </ClCompile>
    <ClCompile Include="The jackpot.cpp">
      <Filter>Source Files</Filter>
    </ClCompile>
    <ClCompile Include="Firetruck.cpp">
      <Filter>Source Files</Filter>
    </ClCompile>
    <ClCompile Include="How Many Pieces of Land.cpp">
      <Filter>Source Files</Filter>
    </ClCompile>
    <ClCompile Include="The Bug Sensor Problem.cpp">
      <Filter>Source Files</Filter>
    </ClCompile>
    <ClCompile Include="String to Palindrome.cpp">
      <Filter>Source Files</Filter>
    </ClCompile>
    <ClCompile Include="How do you add.cpp">
      <Filter>Source Files</Filter>
    </ClCompile>
    <ClCompile Include="Frosh Week.cpp">
      <Filter>Source Files</Filter>
    </ClCompile>
    <ClCompile Include="Forests.cpp">
      <Filter>Source Files</Filter>
    </ClCompile>
    <ClCompile Include="Nature.cpp">
      <Filter>Source Files</Filter>
    </ClCompile>
    <ClCompile Include="Ubiquitous Religions.cpp">
      <Filter>Source Files</Filter>
    </ClCompile>
    <ClCompile Include="Extend to Palindrome.cpp">
      <Filter>Source Files</Filter>
    </ClCompile>
    <ClCompile Include="Power Transmission.cpp">
      <Filter>Source Files</Filter>
    </ClCompile>
    <ClCompile Include="Anagrammatic Primes.cpp">
      <Filter>Source Files</Filter>
    </ClCompile>
    <ClCompile Include="Simplifying Fractions.cpp">
      <Filter>Source Files</Filter>
    </ClCompile>
    <ClCompile Include="PowerStrings.cpp">
      <Filter>Source Files</Filter>
    </ClCompile>
    <ClCompile Include="I Love Strings!!.cpp">
      <Filter>Source Files</Filter>
    </ClCompile>
    <ClCompile Include="Excuses, Excuses!.cpp">
      <Filter>Source Files</Filter>
    </ClCompile>
    <ClCompile Include="LCM Cardinality.cpp">
      <Filter>Source Files</Filter>
    </ClCompile>
    <ClCompile Include="Divisor Game.cpp">
      <Filter>Source Files</Filter>
    </ClCompile>
    <ClCompile Include="Jumping Champion.cpp">
      <Filter>Source Files</Filter>
    </ClCompile>
    <ClCompile Include="To Carry or not to Carry.cpp">
      <Filter>Source Files</Filter>
    </ClCompile>
    <ClCompile Include="Etruscan Warriors Never Play Chess.cpp">
      <Filter>Source Files</Filter>
    </ClCompile>
    <ClCompile Include="Meeting Prof. Miguel...cpp">
      <Filter>Source Files</Filter>
    </ClCompile>
    <ClCompile Include="Airline Comparison.cpp">
      <Filter>Source Files</Filter>
    </ClCompile>
    <ClCompile Include="Game of Sum.cpp">
      <Filter>Source Files</Filter>
    </ClCompile>
    <ClCompile Include="Gun Fight.cpp">
      <Filter>Source Files</Filter>
    </ClCompile>
    <ClCompile Include="Maximum sum on a torus.cpp">
      <Filter>Source Files</Filter>
    </ClCompile>
    <ClCompile Include="Largest Submatrix.cpp">
      <Filter>Source Files</Filter>
    </ClCompile>
    <ClCompile Include="Largest Block.cpp">
      <Filter>Source Files</Filter>
    </ClCompile>
    <ClCompile Include="Take the Land.cpp">
      <Filter>Source Files</Filter>
    </ClCompile>
    <ClCompile Include="What Goes Up.cpp">
      <Filter>Source Files</Filter>
    </ClCompile>
    <ClCompile Include="Strategic Defense Initiative.cpp">
      <Filter>Source Files</Filter>
    </ClCompile>
    <ClCompile Include="Testing the CATCHER.cpp">
      <Filter>Source Files</Filter>
    </ClCompile>
    <ClCompile Include="Make Palindrome.cpp">
      <Filter>Source Files</Filter>
    </ClCompile>
    <ClCompile Include="A Plug for UNIX.cpp">
      <Filter>Source Files</Filter>
    </ClCompile>
    <ClCompile Include="Arbitrage.cpp">
      <Filter>Source Files</Filter>
    </ClCompile>
    <ClCompile Include="Ordering.cpp">
      <Filter>Source Files</Filter>
    </ClCompile>
    <ClCompile Include="Following Orders.cpp">
      <Filter>Source Files</Filter>
    </ClCompile>
    <ClCompile Include="Murcia%27s Skyline.cpp">
      <Filter>Source Files</Filter>
    </ClCompile>
    <ClCompile Include="e-coins.cpp">
      <Filter>Source Files</Filter>
    </ClCompile>
    <ClCompile Include="Binomial Theorem.cpp">
      <Filter>Source Files</Filter>
    </ClCompile>
    <ClCompile Include="Choose and Divide.cpp">
      <Filter>Source Files</Filter>
    </ClCompile>
    <ClCompile Include="Luggage.cpp">
      <Filter>Source Files</Filter>
    </ClCompile>
    <ClCompile Include="Trainsorting.cpp">
      <Filter>Source Files</Filter>
    </ClCompile>
    <ClCompile Include="Safe Salutations.cpp">
      <Filter>Source Files</Filter>
    </ClCompile>
    <ClCompile Include="Collecting Beepers.cpp">
      <Filter>Source Files</Filter>
    </ClCompile>
    <ClCompile Include="Re-connecting Computer Sites.cpp">
      <Filter>Source Files</Filter>
    </ClCompile>
    <ClCompile Include="Knight Tour.cpp">
      <Filter>Source Files</Filter>
    </ClCompile>
    <ClCompile Include="Unidirectional TSP.cpp">
      <Filter>Source Files</Filter>
    </ClCompile>
    <ClCompile Include="Flight Planner.cpp">
      <Filter>Source Files</Filter>
    </ClCompile>
    <ClCompile Include="Maximum Sum (II).cpp">
      <Filter>Source Files</Filter>
    </ClCompile>
    <ClCompile Include="Getting in Line.cpp">
      <Filter>Source Files</Filter>
    </ClCompile>
    <ClCompile Include="Shopaholic.cpp">
      <Filter>Source Files</Filter>
    </ClCompile>
    <ClCompile Include="Scarecrow.cpp">
      <Filter>Source Files</Filter>
    </ClCompile>
    <ClCompile Include="Ants.cpp">
      <Filter>Source Files</Filter>
    </ClCompile>
    <ClCompile Include="Shoemaker%27s Problem.cpp">
      <Filter>Source Files</Filter>
    </ClCompile>
    <ClCompile Include="Tower of Cubes.cpp">
      <Filter>Source Files</Filter>
    </ClCompile>
    <ClCompile Include="Binary Search Tree.cpp">
      <Filter>Source Files</Filter>
    </ClCompile>
    <ClCompile Include="Graph Coloring.cpp">
      <Filter>Source Files</Filter>
    </ClCompile>
    <ClCompile Include="XYZZY.cpp">
      <Filter>Source Files</Filter>
    </ClCompile>
    <ClCompile Include="Alaska.cpp">
      <Filter>Source Files</Filter>
    </ClCompile>
    <ClCompile Include="Commandos.cpp">
      <Filter>Source Files</Filter>
    </ClCompile>
    <ClCompile Include="Best Compression Ever.cpp">
      <Filter>Source Files</Filter>
    </ClCompile>
    <ClCompile Include="Strings.cpp">
      <Filter>Source Files</Filter>
    </ClCompile>
    <ClCompile Include="Teams.cpp">
      <Filter>Source Files</Filter>
    </ClCompile>
    <ClCompile Include="Always Late.cpp">
      <Filter>Source Files</Filter>
    </ClCompile>
    <ClCompile Include="Virus.cpp">
      <Filter>Source Files</Filter>
    </ClCompile>
    <ClCompile Include="Black and white painting.cpp">
      <Filter>Source Files</Filter>
    </ClCompile>
    <ClCompile Include="Tower of Babylon.cpp">
      <Filter>Source Files</Filter>
    </ClCompile>
    <ClCompile Include="Sum of Consecutive Prime Numbers.cpp">
      <Filter>Source Files</Filter>
    </ClCompile>
    <ClCompile Include="Goldbach and Euler.cpp">
      <Filter>Source Files</Filter>
    </ClCompile>
    <ClCompile Include="Simply Emirp.cpp">
      <Filter>Source Files</Filter>
    </ClCompile>
    <ClCompile Include="Twin Primes.cpp">
      <Filter>Source Files</Filter>
    </ClCompile>
    <ClCompile Include="Almost Prime Numbers.cpp">
      <Filter>Source Files</Filter>
    </ClCompile>
    <ClCompile Include="The Super Powers.cpp">
      <Filter>Source Files</Filter>
    </ClCompile>
    <ClCompile Include="Distinct Substring.cpp">
      <Filter>Source Files</Filter>
    </ClCompile>
    <ClCompile Include="Frequent Substrings.cpp">
      <Filter>Source Files</Filter>
    </ClCompile>
    <ClCompile Include="Ransom Note.cpp">
      <Filter>Source Files</Filter>
    </ClCompile>
    <ClCompile Include="GATTACA.cpp">
      <Filter>Source Files</Filter>
    </ClCompile>
    <ClCompile Include="Password Search.cpp">
      <Filter>Source Files</Filter>
    </ClCompile>
    <ClCompile Include="Compound Words.cpp">
      <Filter>Source Files</Filter>
    </ClCompile>
    <ClCompile Include="Euler Circuit.cpp">
      <Filter>Source Files</Filter>
    </ClCompile>
    <ClCompile Include="Camel Trading.cpp">
      <Filter>Source Files</Filter>
    </ClCompile>
    <ClCompile Include="Cutting Sticks.cpp">
      <Filter>Source Files</Filter>
    </ClCompile>
    <ClCompile Include="Copying Books.cpp">
      <Filter>Source Files</Filter>
    </ClCompile>
    <ClCompile Include="Square Sums.cpp">
      <Filter>Source Files</Filter>
    </ClCompile>
    <ClCompile Include="Moliu Number Generator.cpp">
      <Filter>Source Files</Filter>
    </ClCompile>
    <ClCompile Include="Bus Driver Problem.cpp">
      <Filter>Source Files</Filter>
    </ClCompile>
    <ClCompile Include="Work Reduction.cpp">
      <Filter>Source Files</Filter>
    </ClCompile>
    <ClCompile Include="Antimonotonicity.cpp">
      <Filter>Source Files</Filter>
    </ClCompile>
    <ClCompile Include="Find The Multiple.cpp">
      <Filter>Source Files</Filter>
    </ClCompile>
    <ClCompile Include="Dynamic Frog.cpp">
      <Filter>Source Files</Filter>
    </ClCompile>
    <ClCompile Include="Greatest K-Palindrome Substring.cpp">
      <Filter>Source Files</Filter>
    </ClCompile>
    <ClCompile Include="Sum of Different Primes.cpp">
      <Filter>Source Files</Filter>
    </ClCompile>
    <ClCompile Include="Ignoring Digits.cpp">
      <Filter>Source Files</Filter>
    </ClCompile>
    <ClCompile Include="Dominator.cpp">
      <Filter>Source Files</Filter>
    </ClCompile>
    <ClCompile Include="Continents.cpp">
      <Filter>Source Files</Filter>
    </ClCompile>
    <ClCompile Include="All Roads Lead Where.cpp">
      <Filter>Source Files</Filter>
    </ClCompile>
    <ClCompile Include="MPI Maelstrom.cpp">
      <Filter>Source Files</Filter>
    </ClCompile>
    <ClCompile Include="Page Hopping.cpp">
      <Filter>Source Files</Filter>
    </ClCompile>
    <ClCompile Include="Switch The Lights.cpp">
      <Filter>Source Files</Filter>
    </ClCompile>
    <ClCompile Include="Claw Decomposition.cpp">
      <Filter>Source Files</Filter>
    </ClCompile>
    <ClCompile Include="Word Transformation.cpp">
      <Filter>Source Files</Filter>
    </ClCompile>
    <ClCompile Include="Jugs.cpp">
      <Filter>Source Files</Filter>
    </ClCompile>
    <ClCompile Include="Come and Go.cpp">
      <Filter>Source Files</Filter>
    </ClCompile>
    <ClCompile Include="Block Voting.cpp">
      <Filter>Source Files</Filter>
    </ClCompile>
    <ClCompile Include="Dominos.cpp">
      <Filter>Source Files</Filter>
    </ClCompile>
    <ClCompile Include="Frogger.cpp">
      <Filter>Source Files</Filter>
    </ClCompile>
    <ClCompile Include="Critical Links.cpp">
      <Filter>Source Files</Filter>
    </ClCompile>
    <ClCompile Include="Freckles.cpp">
      <Filter>Source Files</Filter>
    </ClCompile>
    <ClCompile Include="10199 - Tourist Guide.cpp">
      <Filter>Source Files</Filter>
    </ClCompile>
    <ClCompile Include="Highways.cpp">
      <Filter>Source Files</Filter>
    </ClCompile>
    <ClCompile Include="Anti Brute Force Lock.cpp">
      <Filter>Source Files</Filter>
    </ClCompile>
    <ClCompile Include="Is It A Tree.cpp">
      <Filter>Source Files</Filter>
    </ClCompile>
    <ClCompile Include="Factors and Multiples.cpp">
      <Filter>Source Files</Filter>
    </ClCompile>
    <ClCompile Include="Nuts and Bolts.cpp">
      <Filter>Source Files</Filter>
    </ClCompile>
    <ClCompile Include="Sabotage.cpp">
      <Filter>Source Files</Filter>
    </ClCompile>
    <ClCompile Include="March of the Penguins.cpp">
      <Filter>Source Files</Filter>
    </ClCompile>
    <ClCompile Include="LCM.cpp">
      <Filter>Source Files</Filter>
    </ClCompile>
    <ClCompile Include="Reverse Prime.cpp">
      <Filter>Source Files</Filter>
    </ClCompile>
    <ClCompile Include="Ahoy, Pirates!.cpp">
      <Filter>Source Files</Filter>
    </ClCompile>
    <ClCompile Include="Permutation.cpp">
      <Filter>Source Files</Filter>
    </ClCompile>
    <ClCompile Include="Boxes.cpp">
      <Filter>Source Files</Filter>
    </ClCompile>
    <ClCompile Include="A Multiplication Game.cpp">
      <Filter>Source Files</Filter>
    </ClCompile>
    <ClCompile Include="Dying Tree.cpp">
      <Filter>Source Files</Filter>
    </ClCompile>
    <ClCompile Include="Memory Overflow.cpp">
      <Filter>Source Files</Filter>
    </ClCompile>
    <ClCompile Include="Frequent Values.cpp">
      <Filter>Source Files</Filter>
    </ClCompile>
    <ClCompile Include="K-th Number.cpp">
      <Filter>Source Files</Filter>
    </ClCompile>
    <ClCompile Include="Flea circus.cpp">
      <Filter>Source Files</Filter>
    </ClCompile>
    <ClCompile Include="Life Forms.cpp">
      <Filter>Source Files</Filter>
    </ClCompile>
    <ClCompile Include="Intellectual Property.cpp">
      <Filter>Source Files</Filter>
    </ClCompile>
    <ClCompile Include="Optimal Array Multiplication Sequence.cpp">
      <Filter>Source Files</Filter>
    </ClCompile>
    <ClCompile Include="String Distance and Transform Process.cpp">
      <Filter>Source Files</Filter>
    </ClCompile>
    <ClCompile Include="Palindromic Subsequence.cpp">
      <Filter>Source Files</Filter>
    </ClCompile>
    <ClCompile Include="Scheduling Lectures.cpp">
      <Filter>Source Files</Filter>
    </ClCompile>
    <ClCompile Include="Creating Palindrome.cpp">
      <Filter>Source Files</Filter>
    </ClCompile>
    <ClCompile Include="Palindrome Again.cpp">
      <Filter>Source Files</Filter>
    </ClCompile>
    <ClCompile Include="Cards.cpp">
      <Filter>Source Files</Filter>
    </ClCompile>
    <ClCompile Include="Guess Numbers.cpp">
      <Filter>Source Files</Filter>
    </ClCompile>
    <ClCompile Include="Remoteland.cpp">
      <Filter>Source Files</Filter>
    </ClCompile>
    <ClCompile Include="Arranging Heaps.cpp">
      <Filter>Source Files</Filter>
    </ClCompile>
    <ClCompile Include="Lovely Hint.cpp">
      <Filter>Source Files</Filter>
    </ClCompile>
    <ClCompile Include="Bigger is Better.cpp">
      <Filter>Source Files</Filter>
    </ClCompile>
    <ClCompile Include="Fast Food.cpp">
      <Filter>Source Files</Filter>
    </ClCompile>
    <ClCompile Include="Gone Fishing.cpp">
      <Filter>Source Files</Filter>
    </ClCompile>
    <ClCompile Include="Jimmy%27s Balls.cpp">
      <Filter>Source Files</Filter>
    </ClCompile>
    <ClCompile Include="Pyramid.cpp">
      <Filter>Source Files</Filter>
    </ClCompile>
    <ClCompile Include="Duathlon.cpp">
      <Filter>Source Files</Filter>
    </ClCompile>
    <ClCompile Include="Playing with Stones.cpp">
      <Filter>Source Files</Filter>
    </ClCompile>
    <ClCompile Include="Minimal coverage.cpp">
      <Filter>Source Files</Filter>
    </ClCompile>
    <ClCompile Include="strcmp Anyone.cpp">
      <Filter>Source Files</Filter>
    </ClCompile>
    <ClCompile Include="Trust groups.cpp">
      <Filter>Source Files</Filter>
    </ClCompile>
    <ClCompile Include="N + NOD (N).cpp">
      <Filter>Source Files</Filter>
    </ClCompile>
    <ClCompile Include="See Emily Play.cpp">
      <Filter>Source Files</Filter>
    </ClCompile>
    <ClCompile Include="The Twin Head Dragon.cpp">
      <Filter>Source Files</Filter>
    </ClCompile>
    <ClCompile Include="Little Rakin.cpp">
      <Filter>Source Files</Filter>
    </ClCompile>
    <ClCompile Include="GCD The Largest.cpp">
      <Filter>Source Files</Filter>
    </ClCompile>
    <ClCompile Include="Block Meh.cpp">
      <Filter>Source Files</Filter>
    </ClCompile>
  </ItemGroup>
</Project>