
Microsoft Visual Studio Solution File, Format Version 12.00
# Visual Studio 2012
Project("{8BC9CEB8-8B4A-11D0-8D11-00A0C91BC942}") = "CSharpTest", "CSharpTest\CSharpTest.vcxproj", "{B58CBD26-BC2C-4857-8375-5A01536A29D7}"
EndProject
Global
	GlobalSection(SolutionConfigurationPlatforms) = preSolution
		Debug|Win32 = Debug|Win32
		Release|Win32 = Release|Win32
	EndGlobalSection
	GlobalSection(ProjectConfigurationPlatforms) = postSolution
		{B58CBD26-BC2C-4857-8375-5A01536A29D7}.Debug|Win32.ActiveCfg = Debug|Win32
		{B58CBD26-BC2C-4857-8375-5A01536A29D7}.Debug|Win32.Build.0 = Debug|Win32
		{B58CBD26-BC2C-4857-8375-5A01536A29D7}.Release|Win32.ActiveCfg = Release|Win32
		{B58CBD26-BC2C-4857-8375-5A01536A29D7}.Release|Win32.Build.0 = Release|Win32
	EndGlobalSection
	GlobalSection(SolutionProperties) = preSolution
		HideSolutionNode = FALSE
	EndGlobalSection
EndGlobal
