
Microsoft Visual Studio Solution File, Format Version 12.00
# Visual Studio 2012
Project("{8BC9CEB8-8B4A-11D0-8D11-00A0C91BC942}") = "TopCoder", "TopCoder\TopCoder.vcxproj", "{37E11C98-1FD3-4F4E-95B5-4C0D39329F50}"
EndProject
Global
	GlobalSection(SolutionConfigurationPlatforms) = preSolution
		Debug|Win32 = Debug|Win32
		Release|Win32 = Release|Win32
	EndGlobalSection
	GlobalSection(ProjectConfigurationPlatforms) = postSolution
		{37E11C98-1FD3-4F4E-95B5-4C0D39329F50}.Debug|Win32.ActiveCfg = Debug|Win32
		{37E11C98-1FD3-4F4E-95B5-4C0D39329F50}.Debug|Win32.Build.0 = Debug|Win32
		{37E11C98-1FD3-4F4E-95B5-4C0D39329F50}.Release|Win32.ActiveCfg = Release|Win32
		{37E11C98-1FD3-4F4E-95B5-4C0D39329F50}.Release|Win32.Build.0 = Release|Win32
	EndGlobalSection
	GlobalSection(SolutionProperties) = preSolution
		HideSolutionNode = FALSE
	EndGlobalSection
	GlobalSection(Performance) = preSolution
		HasPerformanceSessions = true
	EndGlobalSection
EndGlobal
