<?xml version="1.0" encoding="utf-8"?>
<Project ToolsVersion="4.0" xmlns="http://schemas.microsoft.com/developer/msbuild/2003">
  <ItemGroup>
    <Filter Include="Source Files">
      <UniqueIdentifier>{4FC737F1-C7A5-4376-A066-2A32D752A2FF}</UniqueIdentifier>
      <Extensions>cpp;c;cc;cxx;def;odl;idl;hpj;bat;asm;asmx</Extensions>
    </Filter>
    <Filter Include="Header Files">
      <UniqueIdentifier>{93995380-89BD-4b04-88EB-625FBE52EBFB}</UniqueIdentifier>
      <Extensions>h;hpp;hxx;hm;inl;inc;xsd</Extensions>
    </Filter>
    <Filter Include="Resource Files">
      <UniqueIdentifier>{67DA6AB6-F800-4c08-8B7A-83BB121AAD01}</UniqueIdentifier>
      <Extensions>rc;ico;cur;bmp;dlg;rc2;rct;bin;rgs;gif;jpg;jpeg;jpe;resx;tiff;tif;png;wav;mfcribbon-ms</Extensions>
    </Filter>
  </ItemGroup>
  <ItemGroup>
    <ClCompile Include="Watermelon.cpp">
      <Filter>Source Files</Filter>
    </ClCompile>
    <ClCompile Include="Camels.cpp">
      <Filter>Source Files</Filter>
    </ClCompile>
    <ClCompile Include="Little Elephant and Magic Square.cpp">
      <Filter>Source Files</Filter>
    </ClCompile>
    <ClCompile Include="Roma and Changing Signs.cpp">
      <Filter>Source Files</Filter>
    </ClCompile>
    <ClCompile Include="Longest Regular Bracket Sequence.cpp">
      <Filter>Source Files</Filter>
    </ClCompile>
    <ClCompile Include="Monitor.cpp">
      <Filter>Source Files</Filter>
    </ClCompile>
    <ClCompile Include="Choosing Symbol Pairs.cpp">
      <Filter>Source Files</Filter>
    </ClCompile>
    <ClCompile Include="Maxim and Restaurant.cpp">
      <Filter>Source Files</Filter>
    </ClCompile>
    <ClCompile Include="The World is a Theatre.cpp">
      <Filter>Source Files</Filter>
    </ClCompile>
    <ClCompile Include="Permutations.cpp">
      <Filter>Source Files</Filter>
    </ClCompile>
    <ClCompile Include="Pocket Book.cpp">
      <Filter>Source Files</Filter>
    </ClCompile>
    <ClCompile Include="Quantity of Strings.cpp">
      <Filter>Source Files</Filter>
    </ClCompile>
    <ClCompile Include="Little Elephant and Interval.cpp">
      <Filter>Source Files</Filter>
    </ClCompile>
    <ClCompile Include="Cycles.cpp">
      <Filter>Source Files</Filter>
    </ClCompile>
    <ClCompile Include="Rounds.cpp">
      <Filter>Source Files</Filter>
    </ClCompile>
    <ClCompile Include="Dima and Two Sequences.cpp">
      <Filter>Source Files</Filter>
    </ClCompile>
    <ClCompile Include="Dima and Sequence.cpp">
      <Filter>Source Files</Filter>
    </ClCompile>
    <ClCompile Include="Right Triangles.cpp">
      <Filter>Source Files</Filter>
    </ClCompile>
    <ClCompile Include="Basketball Team.cpp">
      <Filter>Source Files</Filter>
    </ClCompile>
    <ClCompile Include="Cipher.cpp">
      <Filter>Source Files</Filter>
    </ClCompile>
    <ClCompile Include="Games with Rectangle.cpp">
      <Filter>Source Files</Filter>
    </ClCompile>
    <ClCompile Include="Line.cpp">
      <Filter>Source Files</Filter>
    </ClCompile>
    <ClCompile Include="A. Snow Footprints.cpp">
      <Filter>Source Files</Filter>
    </ClCompile>
    <ClCompile Include="Magic Five.cpp">
      <Filter>Source Files</Filter>
    </ClCompile>
    <ClCompile Include="Hungry Sequence.cpp">
      <Filter>Source Files</Filter>
    </ClCompile>
    <ClCompile Include="Flipping Game.cpp">
      <Filter>Source Files</Filter>
    </ClCompile>
    <ClCompile Include="Greg and Array.cpp">
      <Filter>Source Files</Filter>
    </ClCompile>
    <ClCompile Include="Lucky Probability.cpp">
      <Filter>Source Files</Filter>
    </ClCompile>
    <ClCompile Include="Lucky Sum of Digits.cpp">
      <Filter>Source Files</Filter>
    </ClCompile>
    <ClCompile Include="Nearly Lucky Number.cpp">
      <Filter>Source Files</Filter>
    </ClCompile>
    <ClCompile Include="Lucky String.cpp">
      <Filter>Source Files</Filter>
    </ClCompile>
    <ClCompile Include="Lucky Tree.cpp">
      <Filter>Source Files</Filter>
    </ClCompile>
    <ClCompile Include="Points.cpp">
      <Filter>Source Files</Filter>
    </ClCompile>
    <ClCompile Include="Hexadecimal%27s Numbers.cpp">
      <Filter>Source Files</Filter>
    </ClCompile>
    <ClCompile Include="Another Problem on Strings.cpp">
      <Filter>Source Files</Filter>
    </ClCompile>
    <ClCompile Include="Knight Tournament.cpp">
      <Filter>Source Files</Filter>
    </ClCompile>
    <ClCompile Include="Xenia and Hamming.cpp">
      <Filter>Source Files</Filter>
    </ClCompile>
    <ClCompile Include="Big Maximum Sum.cpp">
      <Filter>Source Files</Filter>
    </ClCompile>
    <ClCompile Include="Sereja and Coat Rack.cpp">
      <Filter>Source Files</Filter>
    </ClCompile>
    <ClCompile Include="Sereja and Suffixes.cpp">
      <Filter>Source Files</Filter>
    </ClCompile>
    <ClCompile Include="Sereja and Algorithm.cpp">
      <Filter>Source Files</Filter>
    </ClCompile>
    <ClCompile Include="Sereja ans Anagrams.cpp">
      <Filter>Source Files</Filter>
    </ClCompile>
    <ClCompile Include="Sereja and the Arrangement of Numbers.cpp">
      <Filter>Source Files</Filter>
    </ClCompile>
    <ClCompile Include="_A.cpp">
      <Filter>Source Files</Filter>
    </ClCompile>
    <ClCompile Include="_B.cpp">
      <Filter>Source Files</Filter>
    </ClCompile>
    <ClCompile Include="_C.cpp">
      <Filter>Source Files</Filter>
    </ClCompile>
    <ClCompile Include="_D.cpp">
      <Filter>Source Files</Filter>
    </ClCompile>
    <ClCompile Include="_template.cpp">
      <Filter>Source Files</Filter>
    </ClCompile>
    <ClCompile Include="_E.cpp">
      <Filter>Source Files</Filter>
    </ClCompile>
    <ClCompile Include="Password.cpp">
      <Filter>Source Files</Filter>
    </ClCompile>
    <ClCompile Include="String Transformation.cpp">
      <Filter>Source Files</Filter>
    </ClCompile>
    <ClCompile Include="Petr-Hash.cpp">
      <Filter>Source Files</Filter>
    </ClCompile>
    <ClCompile Include="Writing a Song.cpp">
      <Filter>Source Files</Filter>
    </ClCompile>
    <ClCompile Include="Tree-String Problem.cpp">
      <Filter>Source Files</Filter>
    </ClCompile>
    <ClCompile Include="Test.cpp">
      <Filter>Source Files</Filter>
    </ClCompile>
    <ClCompile Include="Good Substrings.cpp">
      <Filter>Source Files</Filter>
    </ClCompile>
    <ClCompile Include="Inna and Sequence.cpp">
      <Filter>Source Files</Filter>
    </ClCompile>
    <ClCompile Include="Game.cpp">
      <Filter>Source Files</Filter>
    </ClCompile>
    <ClCompile Include="Education Reform.cpp">
      <Filter>Source Files</Filter>
    </ClCompile>
    <ClCompile Include="Let%27s Go Rolling!.cpp">
      <Filter>Source Files</Filter>
    </ClCompile>
    <ClCompile Include="Sweets Game.cpp">
      <Filter>Source Files</Filter>
    </ClCompile>
    <ClCompile Include="Fish.cpp">
      <Filter>Source Files</Filter>
    </ClCompile>
    <ClCompile Include="Random Tasks.cpp">
      <Filter>Source Files</Filter>
    </ClCompile>
    <ClCompile Include="Nuclear Fission.cpp">
      <Filter>Source Files</Filter>
    </ClCompile>
    <ClCompile Include="Multiplication Table.cpp">
      <Filter>Source Files</Filter>
    </ClCompile>
    <ClCompile Include="Furlo and Rublo and Game.cpp">
      <Filter>Source Files</Filter>
    </ClCompile>
    <ClCompile Include="Pipeline.cpp">
      <Filter>Source Files</Filter>
    </ClCompile>
    <ClCompile Include="Intresting Game.cpp">
      <Filter>Source Files</Filter>
    </ClCompile>
    <ClCompile Include="Industrial Nim.cpp">
      <Filter>Source Files</Filter>
    </ClCompile>
    <ClCompile Include="Devu and his Brother.cpp">
      <Filter>Source Files</Filter>
    </ClCompile>
    <ClCompile Include="Number Busters.cpp">
      <Filter>Source Files</Filter>
    </ClCompile>
    <ClCompile Include="Little Elephant and Elections.cpp">
      <Filter>Source Files</Filter>
    </ClCompile>
    <ClCompile Include="Building Bridges.cpp">
      <Filter>Source Files</Filter>
    </ClCompile>
    <ClCompile Include="A Lot of Games.cpp">
      <Filter>Source Files</Filter>
    </ClCompile>
    <ClCompile Include="Little Pony and Harmony Chest.cpp">
      <Filter>Source Files</Filter>
    </ClCompile>
    <ClCompile Include="Pashmak and Parmida%27s problem.cpp">
      <Filter>Source Files</Filter>
    </ClCompile>
    <ClCompile Include="Jzzhu and Cities.cpp">
      <Filter>Source Files</Filter>
    </ClCompile>
    <ClCompile Include="Fedor and Essay.cpp">
      <Filter>Source Files</Filter>
    </ClCompile>
    <ClCompile Include="Jzzhu and Apples.cpp">
      <Filter>Source Files</Filter>
    </ClCompile>
    <ClCompile Include="Present.cpp">
      <Filter>Source Files</Filter>
    </ClCompile>
    <ClCompile Include="Gargari and Bishops.cpp">
      <Filter>Source Files</Filter>
    </ClCompile>
    <ClCompile Include="MUH and Cube Walls.cpp">
      <Filter>Source Files</Filter>
    </ClCompile>
    <ClCompile Include="Increasing Sequence.cpp">
      <Filter>Source Files</Filter>
    </ClCompile>
    <ClCompile Include="_x.cpp">
      <Filter>Source Files</Filter>
    </ClCompile>
    <ClCompile Include="Captain Marmot.cpp">
      <Filter>Source Files</Filter>
    </ClCompile>
    <ClCompile Include="Dreamoon and Strings.cpp">
      <Filter>Source Files</Filter>
    </ClCompile>
    <ClCompile Include="Maximum Submatrix 2.cpp">
      <Filter>Source Files</Filter>
    </ClCompile>
    <ClCompile Include="Interesting Array.cpp">
      <Filter>Source Files</Filter>
    </ClCompile>
    <ClCompile Include="Galactic Warlords.cpp">
      <Filter>Source Files</Filter>
    </ClCompile>
    <ClCompile Include="Treeland.cpp">
      <Filter>Source Files</Filter>
    </ClCompile>
    <ClCompile Include="Road Work.cpp">
      <Filter>Source Files</Filter>
    </ClCompile>
    <ClCompile Include="Kindergarten.cpp">
      <Filter>Source Files</Filter>
    </ClCompile>
    <ClCompile Include="Maximum Value.cpp">
      <Filter>Source Files</Filter>
    </ClCompile>
  </ItemGroup>
  <ItemGroup>
    <None Include="input.in">
      <Filter>Source Files</Filter>
    </None>
    <None Include="B. Sail.cpp">
      <Filter>Source Files</Filter>
    </None>
    <None Include="C. Parity Game.cpp">
      <Filter>Source Files</Filter>
    </None>
  </ItemGroup>
  <ItemGroup>
    <Text Include="output.txt">
      <Filter>Source Files</Filter>
    </Text>
  </ItemGroup>
</Project>