<?xml version="1.0" encoding="utf-8"?>
<Project ToolsVersion="4.0" xmlns="http://schemas.microsoft.com/developer/msbuild/2003">
  <ItemGroup>
    <Filter Include="Source Files">
      <UniqueIdentifier>{4FC737F1-C7A5-4376-A066-2A32D752A2FF}</UniqueIdentifier>
      <Extensions>cpp;c;cc;cxx;def;odl;idl;hpj;bat;asm;asmx</Extensions>
    </Filter>
    <Filter Include="Header Files">
      <UniqueIdentifier>{93995380-89BD-4b04-88EB-625FBE52EBFB}</UniqueIdentifier>
      <Extensions>h;hpp;hxx;hm;inl;inc;xsd</Extensions>
    </Filter>
    <Filter Include="Resource Files">
      <UniqueIdentifier>{67DA6AB6-F800-4c08-8B7A-83BB121AAD01}</UniqueIdentifier>
      <Extensions>rc;ico;cur;bmp;dlg;rc2;rct;bin;rgs;gif;jpg;jpeg;jpe;resx;tiff;tif;png;wav;mfcribbon-ms</Extensions>
    </Filter>
  </ItemGroup>
  <ItemGroup>
    <ClCompile Include="Identify the Number.cpp">
      <Filter>Source Files</Filter>
    </ClCompile>
    <ClCompile Include="Route Redundancy.cpp">
      <Filter>Source Files</Filter>
    </ClCompile>
    <ClCompile Include="The Rascal Triangle.cpp">
      <Filter>Source Files</Filter>
    </ClCompile>
    <ClCompile Include="Normalized Form.cpp">
      <Filter>Source Files</Filter>
    </ClCompile>
    <ClCompile Include="Anti Brute Force Lock.cpp">
      <Filter>Source Files</Filter>
    </ClCompile>
    <ClCompile Include="The Doors.cpp">
      <Filter>Source Files</Filter>
    </ClCompile>
    <ClCompile Include="No Name.cpp">
      <Filter>Source Files</Filter>
    </ClCompile>
    <ClCompile Include="Robots on Ice.cpp">
      <Filter>Source Files</Filter>
    </ClCompile>
    <ClCompile Include="The King%27s Ups and Downs.cpp">
      <Filter>Source Files</Filter>
    </ClCompile>
    <ClCompile Include="Hailstone HOTPO.cpp">
      <Filter>Source Files</Filter>
    </ClCompile>
    <ClCompile Include="Mystery.cpp">
      <Filter>Source Files</Filter>
    </ClCompile>
    <ClCompile Include="Interval Product.cpp">
      <Filter>Source Files</Filter>
    </ClCompile>
    <ClCompile Include="Different Digits.cpp">
      <Filter>Source Files</Filter>
    </ClCompile>
    <ClCompile Include="Hours and Minutes.cpp">
      <Filter>Source Files</Filter>
    </ClCompile>
    <ClCompile Include="Cellphone Typing.cpp">
      <Filter>Source Files</Filter>
    </ClCompile>
    <ClCompile Include="Log Books.cpp">
      <Filter>Source Files</Filter>
    </ClCompile>
    <ClCompile Include="Perfect Matching.cpp">
      <Filter>Source Files</Filter>
    </ClCompile>
    <ClCompile Include="Count.cpp">
      <Filter>Source Files</Filter>
    </ClCompile>
    <ClCompile Include="Browsing History.cpp">
      <Filter>Source Files</Filter>
    </ClCompile>
    <ClCompile Include="Triangle.cpp">
      <Filter>Source Files</Filter>
    </ClCompile>
    <ClCompile Include="Card Trick.cpp">
      <Filter>Source Files</Filter>
    </ClCompile>
    <ClCompile Include="Pearls.cpp">
      <Filter>Source Files</Filter>
    </ClCompile>
    <ClCompile Include="Equal Sum Partitions.cpp">
      <Filter>Source Files</Filter>
    </ClCompile>
    <ClCompile Include="The Next Permutation.cpp">
      <Filter>Source Files</Filter>
    </ClCompile>
    <ClCompile Include="Adjacent Bit Counts.cpp">
      <Filter>Source Files</Filter>
    </ClCompile>
    <ClCompile Include="Balls.cpp">
      <Filter>Source Files</Filter>
    </ClCompile>
    <ClCompile Include="Slim Span.cpp">
      <Filter>Source Files</Filter>
    </ClCompile>
    <ClCompile Include="Minimal Backgammon.cpp">
      <Filter>Source Files</Filter>
    </ClCompile>
    <ClCompile Include="DNA Sequences.cpp">
      <Filter>Source Files</Filter>
    </ClCompile>
    <ClCompile Include="Horrible Quiz.cpp">
      <Filter>Source Files</Filter>
    </ClCompile>
    <ClCompile Include="Making Decisions.cpp">
      <Filter>Source Files</Filter>
    </ClCompile>
    <ClCompile Include="Eleven.cpp">
      <Filter>Source Files</Filter>
    </ClCompile>
    <ClCompile Include="Pasti Pas.cpp">
      <Filter>Source Files</Filter>
    </ClCompile>
    <ClCompile Include="Balancing the Scale.cpp">
      <Filter>Source Files</Filter>
    </ClCompile>
    <ClCompile Include="Infinite monkey theorem.cpp">
      <Filter>Source Files</Filter>
    </ClCompile>
    <ClCompile Include="Zeros and Ones.cpp">
      <Filter>Source Files</Filter>
    </ClCompile>
    <ClCompile Include="The Double HeLiX.cpp">
      <Filter>Source Files</Filter>
    </ClCompile>
    <ClCompile Include="Joy of the Cylinder Game.cpp">
      <Filter>Source Files</Filter>
    </ClCompile>
    <ClCompile Include="Playing With Stones.cpp">
      <Filter>Source Files</Filter>
    </ClCompile>
    <ClCompile Include="Entmoot.cpp">
      <Filter>Source Files</Filter>
    </ClCompile>
    <ClCompile Include="Chomp.cpp">
      <Filter>Source Files</Filter>
    </ClCompile>
    <ClCompile Include="Islands in the Data Stream.cpp">
      <Filter>Source Files</Filter>
    </ClCompile>
    <ClCompile Include="Von Neumann%27s Fly.cpp">
      <Filter>Source Files</Filter>
    </ClCompile>
    <ClCompile Include="Virology.cpp">
      <Filter>Source Files</Filter>
    </ClCompile>
    <ClCompile Include="Multikill.cpp">
      <Filter>Source Files</Filter>
    </ClCompile>
  </ItemGroup>
  <ItemGroup>
    <None Include="input.in" />
  </ItemGroup>
</Project>